<?xml version="1.0" encoding="utf-8"?>
<Project ToolsVersion="4.0" xmlns="http://schemas.microsoft.com/developer/msbuild/2003">
  <ItemGroup>
    <Filter Include="Исходные файлы">
      <UniqueIdentifier>{4FC737F1-C7A5-4376-A066-2A32D752A2FF}</UniqueIdentifier>
      <Extensions>cpp;c;cc;cxx;c++;cppm;ixx;def;odl;idl;hpj;bat;asm;asmx</Extensions>
    </Filter>
    <Filter Include="Файлы заголовков">
      <UniqueIdentifier>{93995380-89BD-4b04-88EB-625FBE52EBFB}</UniqueIdentifier>
      <Extensions>h;hh;hpp;hxx;h++;hm;inl;inc;ipp;xsd</Extensions>
    </Filter>
    <Filter Include="Файлы ресурсов">
      <UniqueIdentifier>{67DA6AB6-F800-4c08-8B7A-83BB121AAD01}</UniqueIdentifier>
      <Extensions>rc;ico;cur;bmp;dlg;rc2;rct;bin;rgs;gif;jpg;jpeg;jpe;resx;tiff;tif;png;wav;mfcribbon-ms</Extensions>
    </Filter>
    <Filter Include="Файлы заголовков\enum_structs">
      <UniqueIdentifier>{a42954fd-4b7b-4c31-b2e1-9ba35faf1840}</UniqueIdentifier>
    </Filter>
    <Filter Include="Файлы заголовков\types">
      <UniqueIdentifier>{8df6902b-deeb-45ab-9db6-f3c081cfd596}</UniqueIdentifier>
    </Filter>
    <Filter Include="Файлы заголовков\types\lexer">
      <UniqueIdentifier>{5b72bc0c-3368-4182-901f-3a086a415417}</UniqueIdentifier>
    </Filter>
    <Filter Include="Файлы заголовков\types\common">
      <UniqueIdentifier>{6f17329c-37ff-4172-aacc-81926c19b2c2}</UniqueIdentifier>
    </Filter>
    <Filter Include="Файлы заголовков\types\syntax">
      <UniqueIdentifier>{d0c9fad1-2f10-4564-9931-cd9c4f082c52}</UniqueIdentifier>
    </Filter>
  </ItemGroup>
  <ItemGroup>
    <ClInclude Include="framework.h">
      <Filter>Файлы заголовков</Filter>
    </ClInclude>
    <ClInclude Include="pch.h">
      <Filter>Файлы заголовков</Filter>
    </ClInclude>
    <ClInclude Include="term_types.h">
      <Filter>Файлы заголовков\enum_structs</Filter>
    </ClInclude>
    <ClInclude Include="status_codes.h">
      <Filter>Файлы заголовков\enum_structs</Filter>
    </ClInclude>
    <ClInclude Include="parse_item.h">
      <Filter>Файлы заголовков\types\lexer</Filter>
    </ClInclude>
    <ClInclude Include="parse_result.h">
      <Filter>Файлы заголовков\types\lexer</Filter>
    </ClInclude>
    <ClInclude Include="token.h">
      <Filter>Файлы заголовков\types\common</Filter>
    </ClInclude>
    <ClInclude Include="enum_struct.h">
      <Filter>Файлы заголовков\enum_structs</Filter>
    </ClInclude>
  </ItemGroup>
  <ItemGroup>
    <ClCompile Include="Core.cpp">
      <Filter>Исходные файлы</Filter>
    </ClCompile>
    <ClCompile Include="pch.cpp">
      <Filter>Исходные файлы</Filter>
    </ClCompile>
  </ItemGroup>
</Project>